
Microsoft Visual Studio Solution File, Format Version 12.00
# Visual Studio Version 16
VisualStudioVersion = 16.0.32602.291
MinimumVisualStudioVersion = 10.0.40219.1
Project("{FAE04EC0-301F-11D3-BF4B-00C04F79EFBC}") = "格网索引", "格网索引\格网索引.csproj", "{EBCEF0EA-DDB3-4A24-96EA-843A07C95891}"
EndProject
Global
	GlobalSection(SolutionConfigurationPlatforms) = preSolution
		Debug|Any CPU = Debug|Any CPU
		Release|Any CPU = Release|Any CPU
	EndGlobalSection
	GlobalSection(ProjectConfigurationPlatforms) = postSolution
		{EBCEF0EA-DDB3-4A24-96EA-843A07C95891}.Debug|Any CPU.ActiveCfg = Debug|Any CPU
		{EBCEF0EA-DDB3-4A24-96EA-843A07C95891}.Debug|Any CPU.Build.0 = Debug|Any CPU
		{EBCEF0EA-DDB3-4A24-96EA-843A07C95891}.Release|Any CPU.ActiveCfg = Release|Any CPU
		{EBCEF0EA-DDB3-4A24-96EA-843A07C95891}.Release|Any CPU.Build.0 = Release|Any CPU
	EndGlobalSection
	GlobalSection(SolutionProperties) = preSolution
		HideSolutionNode = FALSE
	EndGlobalSection
	GlobalSection(ExtensibilityGlobals) = postSolution
		SolutionGuid = {E65E23AD-A813-4FCF-8D2F-E445AD612C33}
	EndGlobalSection
EndGlobal
